
Microsoft Visual Studio Solution File, Format Version 12.00
# Visual Studio Version 17
VisualStudioVersion = 17.14.36310.24
MinimumVisualStudioVersion = 10.0.40219.1
Project("{FAE04EC0-301F-11D3-BF4B-00C04F79EFBC}") = "Freemold", "Freemold\Freemold.csproj", "{337247E2-8D18-47D3-A65F-7EB26F297EF7}"
EndProject
Project("{FAE04EC0-301F-11D3-BF4B-00C04F79EFBC}") = "Freemold.Modules", "Freemold.Modules\Freemold.Modules.csproj", "{FEAE945F-5025-4C88-9329-C4F813F15398}"
EndProject
Project("{FAE04EC0-301F-11D3-BF4B-00C04F79EFBC}") = "Freemold.Api", "Freemold.Api\Freemold.Api.csproj", "{EADE66CA-D2D9-464A-8490-CF1C55C2FD37}"
EndProject
Project("{FAE04EC0-301F-11D3-BF4B-00C04F79EFBC}") = "allinkbeauty", "allinkbeauty\allinkbeauty.csproj", "{B0106453-0D87-6A72-B651-100BE2E6B966}"
EndProject
Project("{FAE04EC0-301F-11D3-BF4B-00C04F79EFBC}") = "allinkbeauty.Admin", "allinkbeauty.Admin\allinkbeauty.Admin.csproj", "{8E53B079-EC82-FC4F-BBAF-14929F6809E4}"
EndProject
Project("{2150E333-8FDC-42A3-9474-1A3956D46DE8}") = "Solution Items", "Solution Items", "{C8D5274F-AC00-46C7-1F8D-E88E81087A52}"
	ProjectSection(SolutionItems) = preProject
		.editorconfig = .editorconfig
	EndProjectSection
EndProject
Global
	GlobalSection(SolutionConfigurationPlatforms) = preSolution
		Debug|Any CPU = Debug|Any CPU
		Release|Any CPU = Release|Any CPU
	EndGlobalSection
	GlobalSection(ProjectConfigurationPlatforms) = postSolution
		{337247E2-8D18-47D3-A65F-7EB26F297EF7}.Debug|Any CPU.ActiveCfg = Debug|Any CPU
		{337247E2-8D18-47D3-A65F-7EB26F297EF7}.Debug|Any CPU.Build.0 = Debug|Any CPU
		{337247E2-8D18-47D3-A65F-7EB26F297EF7}.Release|Any CPU.ActiveCfg = Release|Any CPU
		{337247E2-8D18-47D3-A65F-7EB26F297EF7}.Release|Any CPU.Build.0 = Release|Any CPU
		{FEAE945F-5025-4C88-9329-C4F813F15398}.Debug|Any CPU.ActiveCfg = Debug|Any CPU
		{FEAE945F-5025-4C88-9329-C4F813F15398}.Debug|Any CPU.Build.0 = Debug|Any CPU
		{FEAE945F-5025-4C88-9329-C4F813F15398}.Release|Any CPU.ActiveCfg = Release|Any CPU
		{FEAE945F-5025-4C88-9329-C4F813F15398}.Release|Any CPU.Build.0 = Release|Any CPU
		{EADE66CA-D2D9-464A-8490-CF1C55C2FD37}.Debug|Any CPU.ActiveCfg = Debug|Any CPU
		{EADE66CA-D2D9-464A-8490-CF1C55C2FD37}.Debug|Any CPU.Build.0 = Debug|Any CPU
		{EADE66CA-D2D9-464A-8490-CF1C55C2FD37}.Release|Any CPU.ActiveCfg = Release|Any CPU
		{EADE66CA-D2D9-464A-8490-CF1C55C2FD37}.Release|Any CPU.Build.0 = Release|Any CPU
		{B0106453-0D87-6A72-B651-100BE2E6B966}.Debug|Any CPU.ActiveCfg = Debug|Any CPU
		{B0106453-0D87-6A72-B651-100BE2E6B966}.Debug|Any CPU.Build.0 = Debug|Any CPU
		{B0106453-0D87-6A72-B651-100BE2E6B966}.Release|Any CPU.ActiveCfg = Release|Any CPU
		{B0106453-0D87-6A72-B651-100BE2E6B966}.Release|Any CPU.Build.0 = Release|Any CPU
		{8E53B079-EC82-FC4F-BBAF-14929F6809E4}.Debug|Any CPU.ActiveCfg = Debug|Any CPU
		{8E53B079-EC82-FC4F-BBAF-14929F6809E4}.Debug|Any CPU.Build.0 = Debug|Any CPU
		{8E53B079-EC82-FC4F-BBAF-14929F6809E4}.Release|Any CPU.ActiveCfg = Release|Any CPU
		{8E53B079-EC82-FC4F-BBAF-14929F6809E4}.Release|Any CPU.Build.0 = Release|Any CPU
	EndGlobalSection
	GlobalSection(SolutionProperties) = preSolution
		HideSolutionNode = FALSE
	EndGlobalSection
	GlobalSection(ExtensibilityGlobals) = postSolution
		SolutionGuid = {45251719-88D0-464A-A488-EC3C2BD28D55}
	EndGlobalSection
EndGlobal
