
Microsoft Visual Studio Solution File, Format Version 12.00
# Visual Studio Version 17
VisualStudioVersion = 17.14.36310.24
MinimumVisualStudioVersion = 10.0.40219.1
Project("{FAE04EC0-301F-11D3-BF4B-00C04F79EFBC}") = "Freemold", "Freemold\Freemold.csproj", "{337247E2-8D18-47D3-A65F-7EB26F297EF7}"
EndProject
Project("{FAE04EC0-301F-11D3-BF4B-00C04F79EFBC}") = "Freemold.Modules", "Freemold.Modules\Freemold.Modules.csproj", "{FEAE945F-5025-4C88-9329-C4F813F15398}"
EndProject
Project("{FAE04EC0-301F-11D3-BF4B-00C04F79EFBC}") = "Freemold.Api", "Freemold.Api\Freemold.Api.csproj", "{EADE66CA-D2D9-464A-8490-CF1C55C2FD37}"
EndProject
Project("{FAE04EC0-301F-11D3-BF4B-00C04F79EFBC}") = "allinkbeauty.Admin", "standardmold.Admin\allinkbeauty.Admin.csproj", "{7265E7A9-6842-41E9-8AC1-E60DE09A3862}"
EndProject
Project("{FAE04EC0-301F-11D3-BF4B-00C04F79EFBC}") = "allinkbeauty", "standardmold\allinkbeauty.csproj", "{5C57933A-40DA-45BD-9A92-DAE801682EB6}"
EndProject
Global
	GlobalSection(SolutionConfigurationPlatforms) = preSolution
		Debug|Any CPU = Debug|Any CPU
		Release|Any CPU = Release|Any CPU
	EndGlobalSection
	GlobalSection(ProjectConfigurationPlatforms) = postSolution
		{337247E2-8D18-47D3-A65F-7EB26F297EF7}.Debug|Any CPU.ActiveCfg = Debug|Any CPU
		{337247E2-8D18-47D3-A65F-7EB26F297EF7}.Debug|Any CPU.Build.0 = Debug|Any CPU
		{337247E2-8D18-47D3-A65F-7EB26F297EF7}.Release|Any CPU.ActiveCfg = Release|Any CPU
		{337247E2-8D18-47D3-A65F-7EB26F297EF7}.Release|Any CPU.Build.0 = Release|Any CPU
		{FEAE945F-5025-4C88-9329-C4F813F15398}.Debug|Any CPU.ActiveCfg = Debug|Any CPU
		{FEAE945F-5025-4C88-9329-C4F813F15398}.Debug|Any CPU.Build.0 = Debug|Any CPU
		{FEAE945F-5025-4C88-9329-C4F813F15398}.Release|Any CPU.ActiveCfg = Release|Any CPU
		{FEAE945F-5025-4C88-9329-C4F813F15398}.Release|Any CPU.Build.0 = Release|Any CPU
		{EADE66CA-D2D9-464A-8490-CF1C55C2FD37}.Debug|Any CPU.ActiveCfg = Debug|Any CPU
		{EADE66CA-D2D9-464A-8490-CF1C55C2FD37}.Debug|Any CPU.Build.0 = Debug|Any CPU
		{EADE66CA-D2D9-464A-8490-CF1C55C2FD37}.Release|Any CPU.ActiveCfg = Release|Any CPU
		{EADE66CA-D2D9-464A-8490-CF1C55C2FD37}.Release|Any CPU.Build.0 = Release|Any CPU
		{7265E7A9-6842-41E9-8AC1-E60DE09A3862}.Debug|Any CPU.ActiveCfg = Debug|Any CPU
		{7265E7A9-6842-41E9-8AC1-E60DE09A3862}.Debug|Any CPU.Build.0 = Debug|Any CPU
		{7265E7A9-6842-41E9-8AC1-E60DE09A3862}.Release|Any CPU.ActiveCfg = Release|Any CPU
		{7265E7A9-6842-41E9-8AC1-E60DE09A3862}.Release|Any CPU.Build.0 = Release|Any CPU
		{5C57933A-40DA-45BD-9A92-DAE801682EB6}.Debug|Any CPU.ActiveCfg = Debug|Any CPU
		{5C57933A-40DA-45BD-9A92-DAE801682EB6}.Debug|Any CPU.Build.0 = Debug|Any CPU
		{5C57933A-40DA-45BD-9A92-DAE801682EB6}.Release|Any CPU.ActiveCfg = Release|Any CPU
		{5C57933A-40DA-45BD-9A92-DAE801682EB6}.Release|Any CPU.Build.0 = Release|Any CPU
	EndGlobalSection
	GlobalSection(SolutionProperties) = preSolution
		HideSolutionNode = FALSE
	EndGlobalSection
	GlobalSection(ExtensibilityGlobals) = postSolution
		SolutionGuid = {45251719-88D0-464A-A488-EC3C2BD28D55}
	EndGlobalSection
EndGlobal
